
Microsoft Visual Studio Solution File, Format Version 12.00
# Visual Studio Version 17
VisualStudioVersion = 17.9.34902.65
MinimumVisualStudioVersion = 10.0.40219.1
Project("{9A19103F-16F7-4668-BE54-9A1E7A4F7556}") = "Resturant", "Resturant\Resturant.csproj", "{4FA9A8DB-EB8E-41D9-B830-C634C9815B6F}"
EndProject
Project("{FAE04EC0-301F-11D3-BF4B-00C04F79EFBC}") = "UnitTest", "UnitTest\UnitTest.csproj", "{46ACFC26-0E77-43BF-B10C-64CDDCE5CE07}"
EndProject
Global
	GlobalSection(SolutionConfigurationPlatforms) = preSolution
		Debug|Any CPU = Debug|Any CPU
		Release|Any CPU = Release|Any CPU
	EndGlobalSection
	GlobalSection(ProjectConfigurationPlatforms) = postSolution
		{4FA9A8DB-EB8E-41D9-B830-C634C9815B6F}.Debug|Any CPU.ActiveCfg = Debug|Any CPU
		{4FA9A8DB-EB8E-41D9-B830-C634C9815B6F}.Debug|Any CPU.Build.0 = Debug|Any CPU
		{4FA9A8DB-EB8E-41D9-B830-C634C9815B6F}.Release|Any CPU.ActiveCfg = Release|Any CPU
		{4FA9A8DB-EB8E-41D9-B830-C634C9815B6F}.Release|Any CPU.Build.0 = Release|Any CPU
		{46ACFC26-0E77-43BF-B10C-64CDDCE5CE07}.Debug|Any CPU.ActiveCfg = Debug|Any CPU
		{46ACFC26-0E77-43BF-B10C-64CDDCE5CE07}.Debug|Any CPU.Build.0 = Debug|Any CPU
		{46ACFC26-0E77-43BF-B10C-64CDDCE5CE07}.Release|Any CPU.ActiveCfg = Release|Any CPU
		{46ACFC26-0E77-43BF-B10C-64CDDCE5CE07}.Release|Any CPU.Build.0 = Release|Any CPU
	EndGlobalSection
	GlobalSection(SolutionProperties) = preSolution
		HideSolutionNode = FALSE
	EndGlobalSection
	GlobalSection(ExtensibilityGlobals) = postSolution
		SolutionGuid = {0CCFA782-59EA-49FC-8A25-69F5FD571708}
	EndGlobalSection
EndGlobal
